{
  "name": "PA2",
  "version": "1.0.0",
  "lockfileVersion": 1,
  "requires": true,
  "dependencies": {
    "proxy-compare": {
      "version": "1.1.6",
      "resolved": "https://registry.npmjs.org/proxy-compare/-/proxy-compare-1.1.6.tgz",
      "integrity": "sha512-V65euKrKgKjVyEh5+4nVlAf4dHJ6Q0cF77MCeZiJaOldAl9lndy/u270SJneHiz3UkVcSIhxfOKY7aFkrMyo5g=="
    },
    "react-tracked": {
      "version": "1.7.0",
      "resolved": "https://registry.npmjs.org/react-tracked/-/react-tracked-1.7.0.tgz",
      "integrity": "sha512-XPCxh58+yw2PrxfDEJVM3zSStD/BdDSiL6D+ASvz3FGFLXptb3YLQnJggtiItWSpOyWCyrkCNW/cgOPpY2n1Rw==",
      "requires": {
        "proxy-compare": "1.1.6",
        "use-context-selector": "1.3.7"
      }
    },
    "use-context-selector": {
      "version": "1.3.7",
      "resolved": "https://registry.npmjs.org/use-context-selector/-/use-context-selector-1.3.7.tgz",
      "integrity": "sha512-O94hcN9UDAPTC4Fsm3p6Og5PVlhTEeKqxJX3HuBbVSuevOSPLDZxowFUmx49/fnu9jpgY83Nd3TALJVDRtYzdQ=="
    }
  }
}
